{
  "name": "sass",
  "version": "1.0.0",
  "lockfileVersion": 1,
  "requires": true,
  "dependencies": {
    "node": {
      "version": "10.21.0",
      "resolved": "https://registry.npmjs.org/node/-/node-10.21.0.tgz",
      "integrity": "sha512-zMKo/tgd/G+4L/6+fEO2Po4h08DHzw/2stweQ762SmGUT+HFZ6CiHqbgbPmFtWGtKW7nBvfKaRkoOkpYZIw18A==",
      "requires": {
        "node-bin-setup": "^1.0.0"
      }
    },
    "node-bin-setup": {
      "version": "1.0.6",
      "resolved": "https://registry.npmjs.org/node-bin-setup/-/node-bin-setup-1.0.6.tgz",
      "integrity": "sha512-uPIxXNis1CRbv1DwqAxkgBk5NFV3s7cMN/Gf556jSw6jBvV7ca4F9lRL/8cALcZecRibeqU+5dFYqFFmzv5a0Q=="
    },
    "ometa": {
      "version": "0.2.2",
      "resolved": "https://registry.npmjs.org/ometa/-/ometa-0.2.2.tgz",
      "integrity": "sha1-9TxHNbptVq9aRrBN+3xDNMWW1E4="
    },
    "scss": {
      "version": "0.2.4",
      "resolved": "https://registry.npmjs.org/scss/-/scss-0.2.4.tgz",
      "integrity": "sha1-BA2QPtN8XU+krTOuH9OJrBKk4GU=",
      "requires": {
        "ometa": "0.2.2"
      }
    }
  }
}
